
Microsoft Visual Studio Solution File, Format Version 12.00
# Visual Studio Version 17
VisualStudioVersion = 17.14.36017.23
MinimumVisualStudioVersion = 10.0.40219.1
Project("{8BC9CEB8-8B4A-11D0-8D11-00A0C91BC942}") = "SqliteFuzzyPlusExtension", "SqliteFuzzyPlusExtension.vcxproj", "{E50AF77F-B0A9-37C2-BEE9-E0203EB9712C}"
EndProject
Project("{FAE04EC0-301F-11D3-BF4B-00C04F79EFBC}") = "FuzzyPlusCSharp", "FuzzyPlusCSharp\FuzzyPlusCSharp.csproj", "{B1DE0268-D7E9-4868-BF3C-6298E5905597}"
EndProject
Project("{2150E333-8FDC-42A3-9474-1A3956D46DE8}") = "Solution Items", "Solution Items", "{8EC462FD-D22E-90A8-E5CE-7E832BA40C5D}"
	ProjectSection(SolutionItems) = preProject
		TestData\DistanceFunction_SimilarPhrase.sql = TestData\DistanceFunction_SimilarPhrase.sql
		TestData\DistanceFunction_SimilarWords.sql = TestData\DistanceFunction_SimilarWords.sql
		TestData\FailedQueries.sql = TestData\FailedQueries.sql
		TestData\HasCharInSameOrder.sql = TestData\HasCharInSameOrder.sql
		TestData\HasCharInSameOrder_SimilarPhrase.sql = TestData\HasCharInSameOrder_SimilarPhrase.sql
		TestData\HowSimilar_default_SimilarWords.sql = TestData\HowSimilar_default_SimilarWords.sql
		TestData\MaxLen.sql = TestData\MaxLen.sql
		TestData\MaxValue_SimilarSoundingWords.sql = TestData\MaxValue_SimilarSoundingWords.sql
		TestData\NormalizeNum.sql = TestData\NormalizeNum.sql
		TestData\SameName.sql = TestData\SameName.sql
		TestData\SameSound_SimilarSoundingWords.sql = TestData\SameSound_SimilarSoundingWords.sql
		TestData\SameSound_WithDifferentQtyArguments_SimilarSoundingWords.sql = TestData\SameSound_WithDifferentQtyArguments_SimilarSoundingWords.sql
		TestData\SimilarNames_Compare_David.sql = TestData\SimilarNames_Compare_David.sql
		TestData\SimilarNames_Compare_DavidJorge.sql = TestData\SimilarNames_Compare_DavidJorge.sql
		TestData\soundex_and_rsoundex_SimilarWords.sql = TestData\soundex_and_rsoundex_SimilarWords.sql
		TestData\TestData.db = TestData\TestData.db
		TestData\TestFuzzyResults.txt = TestData\TestFuzzyResults.txt
		TestData\TestSqlStatements.txt = TestData\TestSqlStatements.txt
	EndProjectSection
EndProject
Project("{2150E333-8FDC-42A3-9474-1A3956D46DE8}") = "History", "History", "{02EA681E-C7D8-13C7-8484-4AC65E1B71E8}"
	ProjectSection(SolutionItems) = preProject
		..\Docs\version_history\README.md = ..\Docs\version_history\README.md
	EndProjectSection
EndProject
Global
	GlobalSection(SolutionConfigurationPlatforms) = preSolution
		Debug|Any CPU = Debug|Any CPU
		Debug|x64 = Debug|x64
		Debug|x86 = Debug|x86
		Release|Any CPU = Release|Any CPU
		Release|x64 = Release|x64
		Release|x86 = Release|x86
	EndGlobalSection
	GlobalSection(ProjectConfigurationPlatforms) = postSolution
		{E50AF77F-B0A9-37C2-BEE9-E0203EB9712C}.Debug|Any CPU.ActiveCfg = Debug|x64
		{E50AF77F-B0A9-37C2-BEE9-E0203EB9712C}.Debug|Any CPU.Build.0 = Debug|x64
		{E50AF77F-B0A9-37C2-BEE9-E0203EB9712C}.Debug|x64.ActiveCfg = Debug|x64
		{E50AF77F-B0A9-37C2-BEE9-E0203EB9712C}.Debug|x64.Build.0 = Debug|x64
		{E50AF77F-B0A9-37C2-BEE9-E0203EB9712C}.Debug|x86.ActiveCfg = Debug|Win32
		{E50AF77F-B0A9-37C2-BEE9-E0203EB9712C}.Debug|x86.Build.0 = Debug|Win32
		{E50AF77F-B0A9-37C2-BEE9-E0203EB9712C}.Release|Any CPU.ActiveCfg = Release|x64
		{E50AF77F-B0A9-37C2-BEE9-E0203EB9712C}.Release|Any CPU.Build.0 = Release|x64
		{E50AF77F-B0A9-37C2-BEE9-E0203EB9712C}.Release|x64.ActiveCfg = Release|x64
		{E50AF77F-B0A9-37C2-BEE9-E0203EB9712C}.Release|x64.Build.0 = Release|x64
		{E50AF77F-B0A9-37C2-BEE9-E0203EB9712C}.Release|x86.ActiveCfg = Release|Win32
		{E50AF77F-B0A9-37C2-BEE9-E0203EB9712C}.Release|x86.Build.0 = Release|Win32
		{B1DE0268-D7E9-4868-BF3C-6298E5905597}.Debug|Any CPU.ActiveCfg = Debug|Any CPU
		{B1DE0268-D7E9-4868-BF3C-6298E5905597}.Debug|Any CPU.Build.0 = Debug|Any CPU
		{B1DE0268-D7E9-4868-BF3C-6298E5905597}.Debug|x64.ActiveCfg = Debug|Any CPU
		{B1DE0268-D7E9-4868-BF3C-6298E5905597}.Debug|x64.Build.0 = Debug|Any CPU
		{B1DE0268-D7E9-4868-BF3C-6298E5905597}.Debug|x86.ActiveCfg = Debug|Any CPU
		{B1DE0268-D7E9-4868-BF3C-6298E5905597}.Debug|x86.Build.0 = Debug|Any CPU
		{B1DE0268-D7E9-4868-BF3C-6298E5905597}.Release|Any CPU.ActiveCfg = Release|Any CPU
		{B1DE0268-D7E9-4868-BF3C-6298E5905597}.Release|Any CPU.Build.0 = Release|Any CPU
		{B1DE0268-D7E9-4868-BF3C-6298E5905597}.Release|x64.ActiveCfg = Release|Any CPU
		{B1DE0268-D7E9-4868-BF3C-6298E5905597}.Release|x64.Build.0 = Release|Any CPU
		{B1DE0268-D7E9-4868-BF3C-6298E5905597}.Release|x86.ActiveCfg = Release|Any CPU
		{B1DE0268-D7E9-4868-BF3C-6298E5905597}.Release|x86.Build.0 = Release|Any CPU
	EndGlobalSection
	GlobalSection(SolutionProperties) = preSolution
		HideSolutionNode = FALSE
	EndGlobalSection
	GlobalSection(NestedProjects) = preSolution
		{02EA681E-C7D8-13C7-8484-4AC65E1B71E8} = {8EC462FD-D22E-90A8-E5CE-7E832BA40C5D}
	EndGlobalSection
	GlobalSection(ExtensibilityGlobals) = postSolution
		SolutionGuid = {76813B26-AC26-4E45-9223-DF2DDC17907D}
	EndGlobalSection
EndGlobal
