<?xml version="1.0" encoding="utf-8"?>
<Project ToolsVersion="4.0" xmlns="http://schemas.microsoft.com/developer/msbuild/2003">
  <ItemGroup>
    <None Include="..\SqliteFuzzyPlusExtension\cpp.hint" />
  </ItemGroup>
  <ItemGroup>
    <Filter Include="Header Files">
      <UniqueIdentifier>{49ad3f6b-563d-4d5e-832b-68df432e2803}</UniqueIdentifier>
    </Filter>
    <Filter Include="Source Files">
      <UniqueIdentifier>{1b9ea768-eb78-4cb7-8d7e-0823e86bcb27}</UniqueIdentifier>
    </Filter>
    <Filter Include="Resource Files">
      <UniqueIdentifier>{8001bca8-94fa-4d9f-bf8c-f0278451b6ec}</UniqueIdentifier>
    </Filter>
  </ItemGroup>
  <ItemGroup>
    <ClInclude Include="..\SqliteFuzzyPlusExtension\Edlib\include\edlib.h">
      <Filter>Header Files</Filter>
    </ClInclude>
    <ClInclude Include="..\SqliteFuzzyPlusExtension\Resource.h">
      <Filter>Header Files</Filter>
    </ClInclude>
    <ClInclude Include="..\SqliteFuzzyPlusExtension\sqlean_fuzzy\common.h">
      <Filter>Header Files</Filter>
    </ClInclude>
    <ClInclude Include="..\SqliteFuzzyPlusExtension\sqlean_fuzzy\extension.h">
      <Filter>Header Files</Filter>
    </ClInclude>
    <ClInclude Include="..\SqliteFuzzyPlusExtension\sqlean_fuzzy\fuzzy.h">
      <Filter>Header Files</Filter>
    </ClInclude>
    <ClInclude Include="..\SqliteFuzzyPlusExtension\SqliteFuzzyPlusExtension.h">
      <Filter>Header Files</Filter>
    </ClInclude>
    <ClInclude Include="..\SqliteFuzzyPlusExtension\SqliteFuzzyPlusExtension_Internal.h">
      <Filter>Header Files</Filter>
    </ClInclude>
    <ClInclude Include="..\SqliteFuzzyPlusExtension\sqlite\sqlite3.h">
      <Filter>Header Files</Filter>
    </ClInclude>
    <ClInclude Include="..\SqliteFuzzyPlusExtension\sqlite\sqlite3ext.h">
      <Filter>Header Files</Filter>
    </ClInclude>
  </ItemGroup>
  <ItemGroup>
    <ClCompile Include="..\SqliteFuzzyPlusExtension\AssemblyInfo.cpp">
      <Filter>Source Files</Filter>
    </ClCompile>
    <ClCompile Include="..\SqliteFuzzyPlusExtension\sqlean_fuzzy\caver.cpp">
      <Filter>Source Files</Filter>
    </ClCompile>
    <ClCompile Include="..\SqliteFuzzyPlusExtension\sqlean_fuzzy\common.cpp">
      <Filter>Source Files</Filter>
    </ClCompile>
    <ClCompile Include="..\SqliteFuzzyPlusExtension\sqlean_fuzzy\damlev.cpp">
      <Filter>Source Files</Filter>
    </ClCompile>
    <ClCompile Include="..\SqliteFuzzyPlusExtension\sqlean_fuzzy\editdist.cpp">
      <Filter>Source Files</Filter>
    </ClCompile>
    <ClCompile Include="..\SqliteFuzzyPlusExtension\Edlib\src\edlib.cpp">
      <Filter>Source Files</Filter>
    </ClCompile>
    <ClCompile Include="..\SqliteFuzzyPlusExtension\sqlean_fuzzy\extension.cpp">
      <Filter>Source Files</Filter>
    </ClCompile>
    <ClCompile Include="..\SqliteFuzzyPlusExtension\sqlean_fuzzy\hamming.cpp">
      <Filter>Source Files</Filter>
    </ClCompile>
    <ClCompile Include="..\SqliteFuzzyPlusExtension\sqlean_fuzzy\jarowin.cpp">
      <Filter>Source Files</Filter>
    </ClCompile>
    <ClCompile Include="..\SqliteFuzzyPlusExtension\sqlean_fuzzy\leven.cpp">
      <Filter>Source Files</Filter>
    </ClCompile>
    <ClCompile Include="..\SqliteFuzzyPlusExtension\MiscFunctions.cpp">
      <Filter>Source Files</Filter>
    </ClCompile>
    <ClCompile Include="..\SqliteFuzzyPlusExtension\sqlean_fuzzy\osadist.cpp">
      <Filter>Source Files</Filter>
    </ClCompile>
    <ClCompile Include="..\SqliteFuzzyPlusExtension\sqlean_fuzzy\phonetic.cpp">
      <Filter>Source Files</Filter>
    </ClCompile>
    <ClCompile Include="..\SqliteFuzzyPlusExtension\sqlean_fuzzy\rsoundex.cpp">
      <Filter>Source Files</Filter>
    </ClCompile>
    <ClCompile Include="..\SqliteFuzzyPlusExtension\sqlean_fuzzy\soundex.cpp">
      <Filter>Source Files</Filter>
    </ClCompile>
    <ClCompile Include="..\SqliteFuzzyPlusExtension\SqliteFuzzyPlusExtension.cpp">
      <Filter>Source Files</Filter>
    </ClCompile>
    <ClCompile Include="..\SqliteFuzzyPlusExtension\sqlean_fuzzy\translit.cpp">
      <Filter>Source Files</Filter>
    </ClCompile>
  </ItemGroup>
  <ItemGroup>
    <Image Include="..\SqliteFuzzyPlusExtension\app.ico">
      <Filter>Resource Files</Filter>
    </Image>
  </ItemGroup>
  <ItemGroup>
    <ResourceCompile Include="..\SqliteFuzzyPlusExtension\app.rc">
      <Filter>Resource Files</Filter>
    </ResourceCompile>
  </ItemGroup>
</Project>