
Microsoft Visual Studio Solution File, Format Version 12.00
# Visual Studio Version 17
VisualStudioVersion = 17.14.36017.23
MinimumVisualStudioVersion = 10.0.40219.1
Project("{8BC9CEB8-8B4A-11D0-8D11-00A0C91BC942}") = "TestFuzzy_ConsoleApp_DotNetFrameworkCpp", "TestFuzzy_ConsoleApp_DotNetFrameworkCpp\TestFuzzy_ConsoleApp_DotNetFrameworkCpp.vcxproj", "{E27EDAB2-C3CC-23CF-A1D7-25F674E59D76}"
EndProject
Project("{FAE04EC0-301F-11D3-BF4B-00C04F79EFBC}") = "TestFuzzy_ConsoleApp_DotNetFrameworkCSharp", "TestFuzzy_ConsoleApp_DotNetFrameworkCSharp\TestFuzzy_ConsoleApp_DotNetFrameworkCSharp.csproj", "{2D73B686-FC76-4246-936F-FBAFA64F039F}"
	ProjectSection(ProjectDependencies) = postProject
		{E50AF77F-B0A9-37C2-BEE9-E0203EB9712C} = {E50AF77F-B0A9-37C2-BEE9-E0203EB9712C}
	EndProjectSection
EndProject
Project("{888888A0-9F3D-457C-B088-3A5042F75D52}") = "TestFuzzy_PythonApp", "TestFuzzy_PythonApp\TestFuzzy_PythonApp.pyproj", "{9B2BE52B-CA38-425B-95A1-167BE34A386C}"
EndProject
Project("{8BC9CEB8-8B4A-11D0-8D11-00A0C91BC942}") = "TestSQLite_ConsoleApp_Cpp", "TestSQLite_ConsoleApp_Cpp\TestSQLite_ConsoleApp_Cpp.vcxproj", "{74FA44E8-3770-4266-9856-5D2B2595966A}"
EndProject
Project("{FAE04EC0-301F-11D3-BF4B-00C04F79EFBC}") = "TestSQLite_ConsoleApp_DotNet_CSharp", "TestSQLite_ConsoleApp_DotNet_CSharp\TestSQLite_ConsoleApp_DotNet_CSharp.csproj", "{65C620F3-CC27-4074-D6BE-DA265B401D13}"
	ProjectSection(ProjectDependencies) = postProject
		{B1DE0268-D7E9-4868-BF3C-6298E5905597} = {B1DE0268-D7E9-4868-BF3C-6298E5905597}
		{E50AF77F-B0A9-37C2-BEE9-E0203EB9712C} = {E50AF77F-B0A9-37C2-BEE9-E0203EB9712C}
	EndProjectSection
EndProject
Project("{FAE04EC0-301F-11D3-BF4B-00C04F79EFBC}") = "TestSQLite_ConsoleApp_DotNetFrameWork_CSharp", "TestSQLite_ConsoleApp_DotNetFrameWork_CSharp\TestSQLite_ConsoleApp_DotNetFrameWork_CSharp.csproj", "{859AE19F-AF2B-4FC3-9224-2B33EEB5E227}"
	ProjectSection(ProjectDependencies) = postProject
		{E50AF77F-B0A9-37C2-BEE9-E0203EB9712C} = {E50AF77F-B0A9-37C2-BEE9-E0203EB9712C}
	EndProjectSection
EndProject
Project("{8BC9CEB8-8B4A-11D0-8D11-00A0C91BC942}") = "UnitTestConsole_C_Runner", "UnitTestConsole_C_Runner\UnitTestConsole_C_Runner.vcxproj", "{6CFFB0D3-D5A8-421A-9D43-49624A29C328}"
	ProjectSection(ProjectDependencies) = postProject
		{B1DE0268-D7E9-4868-BF3C-6298E5905597} = {B1DE0268-D7E9-4868-BF3C-6298E5905597}
		{E50AF77F-B0A9-37C2-BEE9-E0203EB9712C} = {E50AF77F-B0A9-37C2-BEE9-E0203EB9712C}
	EndProjectSection
EndProject
Project("{8BC9CEB8-8B4A-11D0-8D11-00A0C91BC942}") = "UnitTestCreator_PostCodeModifier", "UnitTestCreator_PostCodeModifier\UnitTestCreator_PostCodeModifier.vcxproj", "{89F4F18D-4BE6-EA99-4911-43FEEE0F95E5}"
	ProjectSection(ProjectDependencies) = postProject
		{B1DE0268-D7E9-4868-BF3C-6298E5905597} = {B1DE0268-D7E9-4868-BF3C-6298E5905597}
		{E50AF77F-B0A9-37C2-BEE9-E0203EB9712C} = {E50AF77F-B0A9-37C2-BEE9-E0203EB9712C}
	EndProjectSection
EndProject
Project("{FAE04EC0-301F-11D3-BF4B-00C04F79EFBC}") = "FuzzyPlusCSharp", "..\SqliteFuzzyPlusExtension\FuzzyPlusCSharp\FuzzyPlusCSharp.csproj", "{B1DE0268-D7E9-4868-BF3C-6298E5905597}"
EndProject
Project("{8BC9CEB8-8B4A-11D0-8D11-00A0C91BC942}") = "SqliteFuzzyPlusExtension", "..\SqliteFuzzyPlusExtension\SqliteFuzzyPlusExtension.vcxproj", "{E50AF77F-B0A9-37C2-BEE9-E0203EB9712C}"
EndProject
Project("{8BC9CEB8-8B4A-11D0-8D11-00A0C91BC942}") = "TestSQLite_ConsoleApp_CppNotManaged", "TestSQLite_ConsoleApp_CppNotManaged\TestSQLite_ConsoleApp_CppNotManaged.vcxproj", "{3C716187-45DF-47C6-BC19-16DA432306B0}"
EndProject
Project("{8BC9CEB8-8B4A-11D0-8D11-00A0C91BC942}") = "TestSQLite3_ConsoleApp_DotNetFrameWork_CPP", "TestSQLite3_ConsoleApp_DotNetFrameWork_CPP\TestSQLite3_ConsoleApp_DotNetFrameWork_CPP.vcxproj", "{A08CF3CE-EFF7-0CD4-307F-84F39136ECC0}"
EndProject
Project("{2150E333-8FDC-42A3-9474-1A3956D46DE8}") = "Eamples_VS", "Eamples_VS", "{02EA681E-C7D8-13C7-8484-4AC65E1B71E8}"
EndProject
Project("{8BC9CEB8-8B4A-11D0-8D11-00A0C91BC942}") = "ExampleFuzzy_C", "Eamples_VS\ExampleFuzzy_C\ExampleFuzzy_C.vcxproj", "{00BD78D6-A816-4BED-974D-65185709D68F}"
EndProject
Project("{FAE04EC0-301F-11D3-BF4B-00C04F79EFBC}") = "ExampleFuzzy_DotNet_C#", "Eamples_VS\ExampleFuzzy_DotNet_C#\ExampleFuzzy_DotNet_C#.csproj", "{3A123555-6AD6-4B95-A9C2-DF49137E5E2A}"
EndProject
Project("{FAE04EC0-301F-11D3-BF4B-00C04F79EFBC}") = "ExampleFuzzy_DotNetFramework_C#", "Eamples_VS\ExampleFuzzy_DotNetFramework_C#\ExampleFuzzy_DotNetFramework_C#.csproj", "{55A5C30B-2F25-47D2-AC98-D4E6ECBD6146}"
EndProject
Project("{8BC9CEB8-8B4A-11D0-8D11-00A0C91BC942}") = "ExampleFuzzy_DotNetFramework_CPP", "Eamples_VS\ExampleFuzzy_DotNetFramework_CPP\ExampleFuzzy_DotNetFramework_CPP.vcxproj", "{1AD1B7C4-114C-C525-21B5-CBC01BDF4180}"
EndProject
Project("{8BC9CEB8-8B4A-11D0-8D11-00A0C91BC942}") = "ExampleFuzzy_CPP", "Eamples_VS\ExampleFuzzy_CPP\ExampleFuzzy_CPP.vcxproj", "{9E661127-D609-40ED-BAE7-86D03E1D4416}"
EndProject
Project("{8BC9CEB8-8B4A-11D0-8D11-00A0C91BC942}") = "ExampleSQLite3_C", "Eamples_VS\ExampleSQLite3_C\ExampleSQLite3_C.vcxproj", "{CF8CADB7-147E-452B-B769-7867F48B7F89}"
EndProject
Project("{8BC9CEB8-8B4A-11D0-8D11-00A0C91BC942}") = "ExampleSQLite3_CPP", "Eamples_VS\ExampleSQLite3_CPP\ExampleSQLite3_CPP.vcxproj", "{58972579-0389-49B4-BE0B-5FA1B1301E4E}"
EndProject
Project("{FAE04EC0-301F-11D3-BF4B-00C04F79EFBC}") = "ExampleSQLite3_DotNet_C#", "Eamples_VS\ExampleSQLite3_DotNet_C#\ExampleSQLite3_DotNet_C#.csproj", "{C65360A9-CEFB-4F18-893B-1797E015F7CD}"
EndProject
Project("{FAE04EC0-301F-11D3-BF4B-00C04F79EFBC}") = "ExampleSQLite3_DotNetFrameWork_C#", "Eamples_VS\ExampleSQLite3_DotNetFrameWork_C#\ExampleSQLite3_DotNetFrameWork_C#.csproj", "{F9406CB5-7423-41D9-B7D9-7C0B3EF869F6}"
EndProject
Project("{8BC9CEB8-8B4A-11D0-8D11-00A0C91BC942}") = "ExampleSQLite3_DotNetFrameWork_CPP", "Eamples_VS\ExampleSQLite3_DotNetFrameWork_CPP\ExampleSQLite3_DotNetFrameWork_CPP.vcxproj", "{8638720C-A5F4-B91A-67E9-A00C61CB4F20}"
EndProject
Project("{F2A71F9B-5D33-465A-A702-920D77279786}") = "ExampleSQLite3_F#", "Eamples_VS\ExampleSQLite3_F#\ExampleSQLite3_F#.fsproj", "{8745DB96-1672-43FB-9E9C-2D2F0F2DA557}"
EndProject
Project("{F2A71F9B-5D33-465A-A702-920D77279786}") = "ExampleSQLite3_DotNetFrameWork_F#", "Eamples_VS\ExampleSQLite3_DotNetFrameWork_F#\ExampleSQLite3_DotNetFrameWork_F#.fsproj", "{67A9ECE2-CB0B-40F3-BBF7-AF04B15A4E5F}"
EndProject
Project("{888888A0-9F3D-457C-B088-3A5042F75D52}") = "ExampleSQLite3_Python", "Eamples_VS\ExampleSQLite3_Python\ExampleSQLite3_Python.pyproj", "{50A25166-18F6-44D9-84FF-D4EACFF2B5EE}"
EndProject
Project("{F184B08F-C81C-45F6-A57F-5ABD9991F28F}") = "ExampleSQLite3_VisualBasic", "Eamples_VS\ExampleSQLite3_VisualBasic\ExampleSQLite3_VisualBasic.vbproj", "{054EBD25-90A8-4F6C-8276-D5627FFCEE16}"
EndProject
Project("{F184B08F-C81C-45F6-A57F-5ABD9991F28F}") = "ExampleSQLite3_DotNetFrameWork_VisualBasic", "Eamples_VS\ExampleSQLite3_DotNetFrameWork_VisualBasic\ExampleSQLite3_DotNetFrameWork_VisualBasic.vbproj", "{52CD414E-280C-4DD9-A7A9-E97AD4313ADE}"
EndProject
Project("{8BC9CEB8-8B4A-11D0-8D11-00A0C91BC942}") = "ExampleSQLite3_MakeFileGcc_CPP", "Eamples_VS\ExampleSQLite3_MakeFileGcc_CPP\ExampleSQLite3_MakeFileGcc_CPP.vcxproj", "{EFD98FE4-5167-85E0-6F4C-212C593F7EDB}"
EndProject
Project("{2150E333-8FDC-42A3-9474-1A3956D46DE8}") = "Solution Items", "Solution Items", "{8EC462FD-D22E-90A8-E5CE-7E832BA40C5D}"
	ProjectSection(SolutionItems) = preProject
		README.md = README.md
	EndProjectSection
EndProject
Project("{2150E333-8FDC-42A3-9474-1A3956D46DE8}") = "Example_GCC", "Example_GCC", "{D026D2FA-BAE4-441F-A0F3-13AEEA30C093}"
	ProjectSection(SolutionItems) = preProject
		Example_GCC\README.md = Example_GCC\README.md
	EndProjectSection
EndProject
Global
	GlobalSection(SolutionConfigurationPlatforms) = preSolution
		Debug|Any CPU = Debug|Any CPU
		Debug|x64 = Debug|x64
		Debug|x86 = Debug|x86
		Release|Any CPU = Release|Any CPU
		Release|x64 = Release|x64
		Release|x86 = Release|x86
	EndGlobalSection
	GlobalSection(ProjectConfigurationPlatforms) = postSolution
		{E27EDAB2-C3CC-23CF-A1D7-25F674E59D76}.Debug|Any CPU.ActiveCfg = Debug|x64
		{E27EDAB2-C3CC-23CF-A1D7-25F674E59D76}.Debug|Any CPU.Build.0 = Debug|x64
		{E27EDAB2-C3CC-23CF-A1D7-25F674E59D76}.Debug|x64.ActiveCfg = Debug|x64
		{E27EDAB2-C3CC-23CF-A1D7-25F674E59D76}.Debug|x64.Build.0 = Debug|x64
		{E27EDAB2-C3CC-23CF-A1D7-25F674E59D76}.Debug|x86.ActiveCfg = Debug|Win32
		{E27EDAB2-C3CC-23CF-A1D7-25F674E59D76}.Debug|x86.Build.0 = Debug|Win32
		{E27EDAB2-C3CC-23CF-A1D7-25F674E59D76}.Release|Any CPU.ActiveCfg = Release|x64
		{E27EDAB2-C3CC-23CF-A1D7-25F674E59D76}.Release|Any CPU.Build.0 = Release|x64
		{E27EDAB2-C3CC-23CF-A1D7-25F674E59D76}.Release|x64.ActiveCfg = Release|x64
		{E27EDAB2-C3CC-23CF-A1D7-25F674E59D76}.Release|x64.Build.0 = Release|x64
		{E27EDAB2-C3CC-23CF-A1D7-25F674E59D76}.Release|x86.ActiveCfg = Release|Win32
		{E27EDAB2-C3CC-23CF-A1D7-25F674E59D76}.Release|x86.Build.0 = Release|Win32
		{2D73B686-FC76-4246-936F-FBAFA64F039F}.Debug|Any CPU.ActiveCfg = Debug|Any CPU
		{2D73B686-FC76-4246-936F-FBAFA64F039F}.Debug|Any CPU.Build.0 = Debug|Any CPU
		{2D73B686-FC76-4246-936F-FBAFA64F039F}.Debug|x64.ActiveCfg = Debug|x64
		{2D73B686-FC76-4246-936F-FBAFA64F039F}.Debug|x64.Build.0 = Debug|x64
		{2D73B686-FC76-4246-936F-FBAFA64F039F}.Debug|x86.ActiveCfg = Debug|Any CPU
		{2D73B686-FC76-4246-936F-FBAFA64F039F}.Debug|x86.Build.0 = Debug|Any CPU
		{2D73B686-FC76-4246-936F-FBAFA64F039F}.Release|Any CPU.ActiveCfg = Release|Any CPU
		{2D73B686-FC76-4246-936F-FBAFA64F039F}.Release|Any CPU.Build.0 = Release|Any CPU
		{2D73B686-FC76-4246-936F-FBAFA64F039F}.Release|x64.ActiveCfg = Release|Any CPU
		{2D73B686-FC76-4246-936F-FBAFA64F039F}.Release|x64.Build.0 = Release|Any CPU
		{2D73B686-FC76-4246-936F-FBAFA64F039F}.Release|x86.ActiveCfg = Release|Any CPU
		{2D73B686-FC76-4246-936F-FBAFA64F039F}.Release|x86.Build.0 = Release|Any CPU
		{9B2BE52B-CA38-425B-95A1-167BE34A386C}.Debug|Any CPU.ActiveCfg = Debug|Any CPU
		{9B2BE52B-CA38-425B-95A1-167BE34A386C}.Debug|x64.ActiveCfg = Debug|Any CPU
		{9B2BE52B-CA38-425B-95A1-167BE34A386C}.Debug|x86.ActiveCfg = Debug|Any CPU
		{9B2BE52B-CA38-425B-95A1-167BE34A386C}.Release|Any CPU.ActiveCfg = Release|Any CPU
		{9B2BE52B-CA38-425B-95A1-167BE34A386C}.Release|x64.ActiveCfg = Release|Any CPU
		{9B2BE52B-CA38-425B-95A1-167BE34A386C}.Release|x86.ActiveCfg = Release|Any CPU
		{74FA44E8-3770-4266-9856-5D2B2595966A}.Debug|Any CPU.ActiveCfg = Debug|x64
		{74FA44E8-3770-4266-9856-5D2B2595966A}.Debug|Any CPU.Build.0 = Debug|x64
		{74FA44E8-3770-4266-9856-5D2B2595966A}.Debug|x64.ActiveCfg = Debug|x64
		{74FA44E8-3770-4266-9856-5D2B2595966A}.Debug|x64.Build.0 = Debug|x64
		{74FA44E8-3770-4266-9856-5D2B2595966A}.Debug|x86.ActiveCfg = Debug|Win32
		{74FA44E8-3770-4266-9856-5D2B2595966A}.Debug|x86.Build.0 = Debug|Win32
		{74FA44E8-3770-4266-9856-5D2B2595966A}.Release|Any CPU.ActiveCfg = Release|x64
		{74FA44E8-3770-4266-9856-5D2B2595966A}.Release|Any CPU.Build.0 = Release|x64
		{74FA44E8-3770-4266-9856-5D2B2595966A}.Release|x64.ActiveCfg = Release|x64
		{74FA44E8-3770-4266-9856-5D2B2595966A}.Release|x64.Build.0 = Release|x64
		{74FA44E8-3770-4266-9856-5D2B2595966A}.Release|x86.ActiveCfg = Release|Win32
		{74FA44E8-3770-4266-9856-5D2B2595966A}.Release|x86.Build.0 = Release|Win32
		{65C620F3-CC27-4074-D6BE-DA265B401D13}.Debug|Any CPU.ActiveCfg = Debug|Any CPU
		{65C620F3-CC27-4074-D6BE-DA265B401D13}.Debug|Any CPU.Build.0 = Debug|Any CPU
		{65C620F3-CC27-4074-D6BE-DA265B401D13}.Debug|x64.ActiveCfg = Debug|x64
		{65C620F3-CC27-4074-D6BE-DA265B401D13}.Debug|x64.Build.0 = Debug|x64
		{65C620F3-CC27-4074-D6BE-DA265B401D13}.Debug|x86.ActiveCfg = Debug|Any CPU
		{65C620F3-CC27-4074-D6BE-DA265B401D13}.Debug|x86.Build.0 = Debug|Any CPU
		{65C620F3-CC27-4074-D6BE-DA265B401D13}.Release|Any CPU.ActiveCfg = Release|Any CPU
		{65C620F3-CC27-4074-D6BE-DA265B401D13}.Release|Any CPU.Build.0 = Release|Any CPU
		{65C620F3-CC27-4074-D6BE-DA265B401D13}.Release|x64.ActiveCfg = Release|Any CPU
		{65C620F3-CC27-4074-D6BE-DA265B401D13}.Release|x64.Build.0 = Release|Any CPU
		{65C620F3-CC27-4074-D6BE-DA265B401D13}.Release|x86.ActiveCfg = Release|Any CPU
		{65C620F3-CC27-4074-D6BE-DA265B401D13}.Release|x86.Build.0 = Release|Any CPU
		{859AE19F-AF2B-4FC3-9224-2B33EEB5E227}.Debug|Any CPU.ActiveCfg = Debug|Any CPU
		{859AE19F-AF2B-4FC3-9224-2B33EEB5E227}.Debug|Any CPU.Build.0 = Debug|Any CPU
		{859AE19F-AF2B-4FC3-9224-2B33EEB5E227}.Debug|x64.ActiveCfg = Debug|x64
		{859AE19F-AF2B-4FC3-9224-2B33EEB5E227}.Debug|x64.Build.0 = Debug|x64
		{859AE19F-AF2B-4FC3-9224-2B33EEB5E227}.Debug|x86.ActiveCfg = Debug|Any CPU
		{859AE19F-AF2B-4FC3-9224-2B33EEB5E227}.Debug|x86.Build.0 = Debug|Any CPU
		{859AE19F-AF2B-4FC3-9224-2B33EEB5E227}.Release|Any CPU.ActiveCfg = Release|Any CPU
		{859AE19F-AF2B-4FC3-9224-2B33EEB5E227}.Release|Any CPU.Build.0 = Release|Any CPU
		{859AE19F-AF2B-4FC3-9224-2B33EEB5E227}.Release|x64.ActiveCfg = Release|Any CPU
		{859AE19F-AF2B-4FC3-9224-2B33EEB5E227}.Release|x64.Build.0 = Release|Any CPU
		{859AE19F-AF2B-4FC3-9224-2B33EEB5E227}.Release|x86.ActiveCfg = Release|Any CPU
		{859AE19F-AF2B-4FC3-9224-2B33EEB5E227}.Release|x86.Build.0 = Release|Any CPU
		{6CFFB0D3-D5A8-421A-9D43-49624A29C328}.Debug|Any CPU.ActiveCfg = Debug|x64
		{6CFFB0D3-D5A8-421A-9D43-49624A29C328}.Debug|Any CPU.Build.0 = Debug|x64
		{6CFFB0D3-D5A8-421A-9D43-49624A29C328}.Debug|x64.ActiveCfg = Debug|x64
		{6CFFB0D3-D5A8-421A-9D43-49624A29C328}.Debug|x64.Build.0 = Debug|x64
		{6CFFB0D3-D5A8-421A-9D43-49624A29C328}.Debug|x86.ActiveCfg = Debug|Win32
		{6CFFB0D3-D5A8-421A-9D43-49624A29C328}.Debug|x86.Build.0 = Debug|Win32
		{6CFFB0D3-D5A8-421A-9D43-49624A29C328}.Release|Any CPU.ActiveCfg = Release|x64
		{6CFFB0D3-D5A8-421A-9D43-49624A29C328}.Release|Any CPU.Build.0 = Release|x64
		{6CFFB0D3-D5A8-421A-9D43-49624A29C328}.Release|x64.ActiveCfg = Release|x64
		{6CFFB0D3-D5A8-421A-9D43-49624A29C328}.Release|x64.Build.0 = Release|x64
		{6CFFB0D3-D5A8-421A-9D43-49624A29C328}.Release|x86.ActiveCfg = Release|Win32
		{6CFFB0D3-D5A8-421A-9D43-49624A29C328}.Release|x86.Build.0 = Release|Win32
		{89F4F18D-4BE6-EA99-4911-43FEEE0F95E5}.Debug|Any CPU.ActiveCfg = Debug|x64
		{89F4F18D-4BE6-EA99-4911-43FEEE0F95E5}.Debug|Any CPU.Build.0 = Debug|x64
		{89F4F18D-4BE6-EA99-4911-43FEEE0F95E5}.Debug|x64.ActiveCfg = Debug|x64
		{89F4F18D-4BE6-EA99-4911-43FEEE0F95E5}.Debug|x64.Build.0 = Debug|x64
		{89F4F18D-4BE6-EA99-4911-43FEEE0F95E5}.Debug|x86.ActiveCfg = Debug|Win32
		{89F4F18D-4BE6-EA99-4911-43FEEE0F95E5}.Debug|x86.Build.0 = Debug|Win32
		{89F4F18D-4BE6-EA99-4911-43FEEE0F95E5}.Release|Any CPU.ActiveCfg = Release|x64
		{89F4F18D-4BE6-EA99-4911-43FEEE0F95E5}.Release|Any CPU.Build.0 = Release|x64
		{89F4F18D-4BE6-EA99-4911-43FEEE0F95E5}.Release|x64.ActiveCfg = Release|x64
		{89F4F18D-4BE6-EA99-4911-43FEEE0F95E5}.Release|x64.Build.0 = Release|x64
		{89F4F18D-4BE6-EA99-4911-43FEEE0F95E5}.Release|x86.ActiveCfg = Release|Win32
		{89F4F18D-4BE6-EA99-4911-43FEEE0F95E5}.Release|x86.Build.0 = Release|Win32
		{B1DE0268-D7E9-4868-BF3C-6298E5905597}.Debug|Any CPU.ActiveCfg = Debug|Any CPU
		{B1DE0268-D7E9-4868-BF3C-6298E5905597}.Debug|Any CPU.Build.0 = Debug|Any CPU
		{B1DE0268-D7E9-4868-BF3C-6298E5905597}.Debug|x64.ActiveCfg = Debug|x64
		{B1DE0268-D7E9-4868-BF3C-6298E5905597}.Debug|x64.Build.0 = Debug|x64
		{B1DE0268-D7E9-4868-BF3C-6298E5905597}.Debug|x86.ActiveCfg = Debug|Any CPU
		{B1DE0268-D7E9-4868-BF3C-6298E5905597}.Debug|x86.Build.0 = Debug|Any CPU
		{B1DE0268-D7E9-4868-BF3C-6298E5905597}.Release|Any CPU.ActiveCfg = Release|Any CPU
		{B1DE0268-D7E9-4868-BF3C-6298E5905597}.Release|Any CPU.Build.0 = Release|Any CPU
		{B1DE0268-D7E9-4868-BF3C-6298E5905597}.Release|x64.ActiveCfg = Release|Any CPU
		{B1DE0268-D7E9-4868-BF3C-6298E5905597}.Release|x64.Build.0 = Release|Any CPU
		{B1DE0268-D7E9-4868-BF3C-6298E5905597}.Release|x86.ActiveCfg = Release|Any CPU
		{B1DE0268-D7E9-4868-BF3C-6298E5905597}.Release|x86.Build.0 = Release|Any CPU
		{E50AF77F-B0A9-37C2-BEE9-E0203EB9712C}.Debug|Any CPU.ActiveCfg = Debug|x64
		{E50AF77F-B0A9-37C2-BEE9-E0203EB9712C}.Debug|Any CPU.Build.0 = Debug|x64
		{E50AF77F-B0A9-37C2-BEE9-E0203EB9712C}.Debug|x64.ActiveCfg = Debug|x64
		{E50AF77F-B0A9-37C2-BEE9-E0203EB9712C}.Debug|x64.Build.0 = Debug|x64
		{E50AF77F-B0A9-37C2-BEE9-E0203EB9712C}.Debug|x86.ActiveCfg = Debug|Win32
		{E50AF77F-B0A9-37C2-BEE9-E0203EB9712C}.Debug|x86.Build.0 = Debug|Win32
		{E50AF77F-B0A9-37C2-BEE9-E0203EB9712C}.Release|Any CPU.ActiveCfg = Release|x64
		{E50AF77F-B0A9-37C2-BEE9-E0203EB9712C}.Release|Any CPU.Build.0 = Release|x64
		{E50AF77F-B0A9-37C2-BEE9-E0203EB9712C}.Release|x64.ActiveCfg = Release|x64
		{E50AF77F-B0A9-37C2-BEE9-E0203EB9712C}.Release|x64.Build.0 = Release|x64
		{E50AF77F-B0A9-37C2-BEE9-E0203EB9712C}.Release|x86.ActiveCfg = Release|Win32
		{E50AF77F-B0A9-37C2-BEE9-E0203EB9712C}.Release|x86.Build.0 = Release|Win32
		{3C716187-45DF-47C6-BC19-16DA432306B0}.Debug|Any CPU.ActiveCfg = Debug|x64
		{3C716187-45DF-47C6-BC19-16DA432306B0}.Debug|Any CPU.Build.0 = Debug|x64
		{3C716187-45DF-47C6-BC19-16DA432306B0}.Debug|x64.ActiveCfg = Debug|x64
		{3C716187-45DF-47C6-BC19-16DA432306B0}.Debug|x64.Build.0 = Debug|x64
		{3C716187-45DF-47C6-BC19-16DA432306B0}.Debug|x86.ActiveCfg = Debug|Win32
		{3C716187-45DF-47C6-BC19-16DA432306B0}.Debug|x86.Build.0 = Debug|Win32
		{3C716187-45DF-47C6-BC19-16DA432306B0}.Release|Any CPU.ActiveCfg = Release|x64
		{3C716187-45DF-47C6-BC19-16DA432306B0}.Release|Any CPU.Build.0 = Release|x64
		{3C716187-45DF-47C6-BC19-16DA432306B0}.Release|x64.ActiveCfg = Release|x64
		{3C716187-45DF-47C6-BC19-16DA432306B0}.Release|x64.Build.0 = Release|x64
		{3C716187-45DF-47C6-BC19-16DA432306B0}.Release|x86.ActiveCfg = Release|Win32
		{3C716187-45DF-47C6-BC19-16DA432306B0}.Release|x86.Build.0 = Release|Win32
		{A08CF3CE-EFF7-0CD4-307F-84F39136ECC0}.Debug|Any CPU.ActiveCfg = Debug|x64
		{A08CF3CE-EFF7-0CD4-307F-84F39136ECC0}.Debug|Any CPU.Build.0 = Debug|x64
		{A08CF3CE-EFF7-0CD4-307F-84F39136ECC0}.Debug|x64.ActiveCfg = Debug|x64
		{A08CF3CE-EFF7-0CD4-307F-84F39136ECC0}.Debug|x64.Build.0 = Debug|x64
		{A08CF3CE-EFF7-0CD4-307F-84F39136ECC0}.Debug|x86.ActiveCfg = Debug|Win32
		{A08CF3CE-EFF7-0CD4-307F-84F39136ECC0}.Debug|x86.Build.0 = Debug|Win32
		{A08CF3CE-EFF7-0CD4-307F-84F39136ECC0}.Release|Any CPU.ActiveCfg = Release|x64
		{A08CF3CE-EFF7-0CD4-307F-84F39136ECC0}.Release|Any CPU.Build.0 = Release|x64
		{A08CF3CE-EFF7-0CD4-307F-84F39136ECC0}.Release|x64.ActiveCfg = Release|x64
		{A08CF3CE-EFF7-0CD4-307F-84F39136ECC0}.Release|x64.Build.0 = Release|x64
		{A08CF3CE-EFF7-0CD4-307F-84F39136ECC0}.Release|x86.ActiveCfg = Release|Win32
		{A08CF3CE-EFF7-0CD4-307F-84F39136ECC0}.Release|x86.Build.0 = Release|Win32
		{00BD78D6-A816-4BED-974D-65185709D68F}.Debug|Any CPU.ActiveCfg = Debug|x64
		{00BD78D6-A816-4BED-974D-65185709D68F}.Debug|Any CPU.Build.0 = Debug|x64
		{00BD78D6-A816-4BED-974D-65185709D68F}.Debug|x64.ActiveCfg = Debug|x64
		{00BD78D6-A816-4BED-974D-65185709D68F}.Debug|x64.Build.0 = Debug|x64
		{00BD78D6-A816-4BED-974D-65185709D68F}.Debug|x86.ActiveCfg = Debug|Win32
		{00BD78D6-A816-4BED-974D-65185709D68F}.Debug|x86.Build.0 = Debug|Win32
		{00BD78D6-A816-4BED-974D-65185709D68F}.Release|Any CPU.ActiveCfg = Release|x64
		{00BD78D6-A816-4BED-974D-65185709D68F}.Release|Any CPU.Build.0 = Release|x64
		{00BD78D6-A816-4BED-974D-65185709D68F}.Release|x64.ActiveCfg = Release|x64
		{00BD78D6-A816-4BED-974D-65185709D68F}.Release|x64.Build.0 = Release|x64
		{00BD78D6-A816-4BED-974D-65185709D68F}.Release|x86.ActiveCfg = Release|Win32
		{00BD78D6-A816-4BED-974D-65185709D68F}.Release|x86.Build.0 = Release|Win32
		{3A123555-6AD6-4B95-A9C2-DF49137E5E2A}.Debug|Any CPU.ActiveCfg = Debug|Any CPU
		{3A123555-6AD6-4B95-A9C2-DF49137E5E2A}.Debug|Any CPU.Build.0 = Debug|Any CPU
		{3A123555-6AD6-4B95-A9C2-DF49137E5E2A}.Debug|x64.ActiveCfg = Debug|Any CPU
		{3A123555-6AD6-4B95-A9C2-DF49137E5E2A}.Debug|x64.Build.0 = Debug|Any CPU
		{3A123555-6AD6-4B95-A9C2-DF49137E5E2A}.Debug|x86.ActiveCfg = Debug|Any CPU
		{3A123555-6AD6-4B95-A9C2-DF49137E5E2A}.Debug|x86.Build.0 = Debug|Any CPU
		{3A123555-6AD6-4B95-A9C2-DF49137E5E2A}.Release|Any CPU.ActiveCfg = Release|Any CPU
		{3A123555-6AD6-4B95-A9C2-DF49137E5E2A}.Release|Any CPU.Build.0 = Release|Any CPU
		{3A123555-6AD6-4B95-A9C2-DF49137E5E2A}.Release|x64.ActiveCfg = Release|Any CPU
		{3A123555-6AD6-4B95-A9C2-DF49137E5E2A}.Release|x64.Build.0 = Release|Any CPU
		{3A123555-6AD6-4B95-A9C2-DF49137E5E2A}.Release|x86.ActiveCfg = Release|Any CPU
		{3A123555-6AD6-4B95-A9C2-DF49137E5E2A}.Release|x86.Build.0 = Release|Any CPU
		{55A5C30B-2F25-47D2-AC98-D4E6ECBD6146}.Debug|Any CPU.ActiveCfg = Debug|Any CPU
		{55A5C30B-2F25-47D2-AC98-D4E6ECBD6146}.Debug|Any CPU.Build.0 = Debug|Any CPU
		{55A5C30B-2F25-47D2-AC98-D4E6ECBD6146}.Debug|x64.ActiveCfg = Debug|Any CPU
		{55A5C30B-2F25-47D2-AC98-D4E6ECBD6146}.Debug|x64.Build.0 = Debug|Any CPU
		{55A5C30B-2F25-47D2-AC98-D4E6ECBD6146}.Debug|x86.ActiveCfg = Debug|Any CPU
		{55A5C30B-2F25-47D2-AC98-D4E6ECBD6146}.Debug|x86.Build.0 = Debug|Any CPU
		{55A5C30B-2F25-47D2-AC98-D4E6ECBD6146}.Release|Any CPU.ActiveCfg = Release|Any CPU
		{55A5C30B-2F25-47D2-AC98-D4E6ECBD6146}.Release|Any CPU.Build.0 = Release|Any CPU
		{55A5C30B-2F25-47D2-AC98-D4E6ECBD6146}.Release|x64.ActiveCfg = Release|Any CPU
		{55A5C30B-2F25-47D2-AC98-D4E6ECBD6146}.Release|x64.Build.0 = Release|Any CPU
		{55A5C30B-2F25-47D2-AC98-D4E6ECBD6146}.Release|x86.ActiveCfg = Release|Any CPU
		{55A5C30B-2F25-47D2-AC98-D4E6ECBD6146}.Release|x86.Build.0 = Release|Any CPU
		{1AD1B7C4-114C-C525-21B5-CBC01BDF4180}.Debug|Any CPU.ActiveCfg = Debug|x64
		{1AD1B7C4-114C-C525-21B5-CBC01BDF4180}.Debug|Any CPU.Build.0 = Debug|x64
		{1AD1B7C4-114C-C525-21B5-CBC01BDF4180}.Debug|x64.ActiveCfg = Debug|x64
		{1AD1B7C4-114C-C525-21B5-CBC01BDF4180}.Debug|x64.Build.0 = Debug|x64
		{1AD1B7C4-114C-C525-21B5-CBC01BDF4180}.Debug|x86.ActiveCfg = Debug|Win32
		{1AD1B7C4-114C-C525-21B5-CBC01BDF4180}.Debug|x86.Build.0 = Debug|Win32
		{1AD1B7C4-114C-C525-21B5-CBC01BDF4180}.Release|Any CPU.ActiveCfg = Release|x64
		{1AD1B7C4-114C-C525-21B5-CBC01BDF4180}.Release|Any CPU.Build.0 = Release|x64
		{1AD1B7C4-114C-C525-21B5-CBC01BDF4180}.Release|x64.ActiveCfg = Release|x64
		{1AD1B7C4-114C-C525-21B5-CBC01BDF4180}.Release|x64.Build.0 = Release|x64
		{1AD1B7C4-114C-C525-21B5-CBC01BDF4180}.Release|x86.ActiveCfg = Release|Win32
		{1AD1B7C4-114C-C525-21B5-CBC01BDF4180}.Release|x86.Build.0 = Release|Win32
		{9E661127-D609-40ED-BAE7-86D03E1D4416}.Debug|Any CPU.ActiveCfg = Debug|x64
		{9E661127-D609-40ED-BAE7-86D03E1D4416}.Debug|Any CPU.Build.0 = Debug|x64
		{9E661127-D609-40ED-BAE7-86D03E1D4416}.Debug|x64.ActiveCfg = Debug|x64
		{9E661127-D609-40ED-BAE7-86D03E1D4416}.Debug|x64.Build.0 = Debug|x64
		{9E661127-D609-40ED-BAE7-86D03E1D4416}.Debug|x86.ActiveCfg = Debug|Win32
		{9E661127-D609-40ED-BAE7-86D03E1D4416}.Debug|x86.Build.0 = Debug|Win32
		{9E661127-D609-40ED-BAE7-86D03E1D4416}.Release|Any CPU.ActiveCfg = Release|x64
		{9E661127-D609-40ED-BAE7-86D03E1D4416}.Release|Any CPU.Build.0 = Release|x64
		{9E661127-D609-40ED-BAE7-86D03E1D4416}.Release|x64.ActiveCfg = Release|x64
		{9E661127-D609-40ED-BAE7-86D03E1D4416}.Release|x64.Build.0 = Release|x64
		{9E661127-D609-40ED-BAE7-86D03E1D4416}.Release|x86.ActiveCfg = Release|Win32
		{9E661127-D609-40ED-BAE7-86D03E1D4416}.Release|x86.Build.0 = Release|Win32
		{CF8CADB7-147E-452B-B769-7867F48B7F89}.Debug|Any CPU.ActiveCfg = Debug|x64
		{CF8CADB7-147E-452B-B769-7867F48B7F89}.Debug|Any CPU.Build.0 = Debug|x64
		{CF8CADB7-147E-452B-B769-7867F48B7F89}.Debug|x64.ActiveCfg = Debug|x64
		{CF8CADB7-147E-452B-B769-7867F48B7F89}.Debug|x64.Build.0 = Debug|x64
		{CF8CADB7-147E-452B-B769-7867F48B7F89}.Debug|x86.ActiveCfg = Debug|Win32
		{CF8CADB7-147E-452B-B769-7867F48B7F89}.Debug|x86.Build.0 = Debug|Win32
		{CF8CADB7-147E-452B-B769-7867F48B7F89}.Release|Any CPU.ActiveCfg = Release|x64
		{CF8CADB7-147E-452B-B769-7867F48B7F89}.Release|Any CPU.Build.0 = Release|x64
		{CF8CADB7-147E-452B-B769-7867F48B7F89}.Release|x64.ActiveCfg = Release|x64
		{CF8CADB7-147E-452B-B769-7867F48B7F89}.Release|x64.Build.0 = Release|x64
		{CF8CADB7-147E-452B-B769-7867F48B7F89}.Release|x86.ActiveCfg = Release|Win32
		{CF8CADB7-147E-452B-B769-7867F48B7F89}.Release|x86.Build.0 = Release|Win32
		{58972579-0389-49B4-BE0B-5FA1B1301E4E}.Debug|Any CPU.ActiveCfg = Debug|x64
		{58972579-0389-49B4-BE0B-5FA1B1301E4E}.Debug|Any CPU.Build.0 = Debug|x64
		{58972579-0389-49B4-BE0B-5FA1B1301E4E}.Debug|x64.ActiveCfg = Debug|x64
		{58972579-0389-49B4-BE0B-5FA1B1301E4E}.Debug|x64.Build.0 = Debug|x64
		{58972579-0389-49B4-BE0B-5FA1B1301E4E}.Debug|x86.ActiveCfg = Debug|Win32
		{58972579-0389-49B4-BE0B-5FA1B1301E4E}.Debug|x86.Build.0 = Debug|Win32
		{58972579-0389-49B4-BE0B-5FA1B1301E4E}.Release|Any CPU.ActiveCfg = Release|x64
		{58972579-0389-49B4-BE0B-5FA1B1301E4E}.Release|Any CPU.Build.0 = Release|x64
		{58972579-0389-49B4-BE0B-5FA1B1301E4E}.Release|x64.ActiveCfg = Release|x64
		{58972579-0389-49B4-BE0B-5FA1B1301E4E}.Release|x64.Build.0 = Release|x64
		{58972579-0389-49B4-BE0B-5FA1B1301E4E}.Release|x86.ActiveCfg = Release|Win32
		{58972579-0389-49B4-BE0B-5FA1B1301E4E}.Release|x86.Build.0 = Release|Win32
		{C65360A9-CEFB-4F18-893B-1797E015F7CD}.Debug|Any CPU.ActiveCfg = Debug|Any CPU
		{C65360A9-CEFB-4F18-893B-1797E015F7CD}.Debug|Any CPU.Build.0 = Debug|Any CPU
		{C65360A9-CEFB-4F18-893B-1797E015F7CD}.Debug|x64.ActiveCfg = Debug|Any CPU
		{C65360A9-CEFB-4F18-893B-1797E015F7CD}.Debug|x64.Build.0 = Debug|Any CPU
		{C65360A9-CEFB-4F18-893B-1797E015F7CD}.Debug|x86.ActiveCfg = Debug|Any CPU
		{C65360A9-CEFB-4F18-893B-1797E015F7CD}.Debug|x86.Build.0 = Debug|Any CPU
		{C65360A9-CEFB-4F18-893B-1797E015F7CD}.Release|Any CPU.ActiveCfg = Release|Any CPU
		{C65360A9-CEFB-4F18-893B-1797E015F7CD}.Release|Any CPU.Build.0 = Release|Any CPU
		{C65360A9-CEFB-4F18-893B-1797E015F7CD}.Release|x64.ActiveCfg = Release|Any CPU
		{C65360A9-CEFB-4F18-893B-1797E015F7CD}.Release|x64.Build.0 = Release|Any CPU
		{C65360A9-CEFB-4F18-893B-1797E015F7CD}.Release|x86.ActiveCfg = Release|Any CPU
		{C65360A9-CEFB-4F18-893B-1797E015F7CD}.Release|x86.Build.0 = Release|Any CPU
		{F9406CB5-7423-41D9-B7D9-7C0B3EF869F6}.Debug|Any CPU.ActiveCfg = Debug|Any CPU
		{F9406CB5-7423-41D9-B7D9-7C0B3EF869F6}.Debug|Any CPU.Build.0 = Debug|Any CPU
		{F9406CB5-7423-41D9-B7D9-7C0B3EF869F6}.Debug|x64.ActiveCfg = Debug|Any CPU
		{F9406CB5-7423-41D9-B7D9-7C0B3EF869F6}.Debug|x64.Build.0 = Debug|Any CPU
		{F9406CB5-7423-41D9-B7D9-7C0B3EF869F6}.Debug|x86.ActiveCfg = Debug|Any CPU
		{F9406CB5-7423-41D9-B7D9-7C0B3EF869F6}.Debug|x86.Build.0 = Debug|Any CPU
		{F9406CB5-7423-41D9-B7D9-7C0B3EF869F6}.Release|Any CPU.ActiveCfg = Release|Any CPU
		{F9406CB5-7423-41D9-B7D9-7C0B3EF869F6}.Release|Any CPU.Build.0 = Release|Any CPU
		{F9406CB5-7423-41D9-B7D9-7C0B3EF869F6}.Release|x64.ActiveCfg = Release|Any CPU
		{F9406CB5-7423-41D9-B7D9-7C0B3EF869F6}.Release|x64.Build.0 = Release|Any CPU
		{F9406CB5-7423-41D9-B7D9-7C0B3EF869F6}.Release|x86.ActiveCfg = Release|Any CPU
		{F9406CB5-7423-41D9-B7D9-7C0B3EF869F6}.Release|x86.Build.0 = Release|Any CPU
		{8638720C-A5F4-B91A-67E9-A00C61CB4F20}.Debug|Any CPU.ActiveCfg = Debug|x64
		{8638720C-A5F4-B91A-67E9-A00C61CB4F20}.Debug|Any CPU.Build.0 = Debug|x64
		{8638720C-A5F4-B91A-67E9-A00C61CB4F20}.Debug|x64.ActiveCfg = Debug|x64
		{8638720C-A5F4-B91A-67E9-A00C61CB4F20}.Debug|x64.Build.0 = Debug|x64
		{8638720C-A5F4-B91A-67E9-A00C61CB4F20}.Debug|x86.ActiveCfg = Debug|Win32
		{8638720C-A5F4-B91A-67E9-A00C61CB4F20}.Debug|x86.Build.0 = Debug|Win32
		{8638720C-A5F4-B91A-67E9-A00C61CB4F20}.Release|Any CPU.ActiveCfg = Release|x64
		{8638720C-A5F4-B91A-67E9-A00C61CB4F20}.Release|Any CPU.Build.0 = Release|x64
		{8638720C-A5F4-B91A-67E9-A00C61CB4F20}.Release|x64.ActiveCfg = Release|x64
		{8638720C-A5F4-B91A-67E9-A00C61CB4F20}.Release|x64.Build.0 = Release|x64
		{8638720C-A5F4-B91A-67E9-A00C61CB4F20}.Release|x86.ActiveCfg = Release|Win32
		{8638720C-A5F4-B91A-67E9-A00C61CB4F20}.Release|x86.Build.0 = Release|Win32
		{8745DB96-1672-43FB-9E9C-2D2F0F2DA557}.Debug|Any CPU.ActiveCfg = Debug|Any CPU
		{8745DB96-1672-43FB-9E9C-2D2F0F2DA557}.Debug|Any CPU.Build.0 = Debug|Any CPU
		{8745DB96-1672-43FB-9E9C-2D2F0F2DA557}.Debug|x64.ActiveCfg = Debug|Any CPU
		{8745DB96-1672-43FB-9E9C-2D2F0F2DA557}.Debug|x64.Build.0 = Debug|Any CPU
		{8745DB96-1672-43FB-9E9C-2D2F0F2DA557}.Debug|x86.ActiveCfg = Debug|Any CPU
		{8745DB96-1672-43FB-9E9C-2D2F0F2DA557}.Debug|x86.Build.0 = Debug|Any CPU
		{8745DB96-1672-43FB-9E9C-2D2F0F2DA557}.Release|Any CPU.ActiveCfg = Release|Any CPU
		{8745DB96-1672-43FB-9E9C-2D2F0F2DA557}.Release|Any CPU.Build.0 = Release|Any CPU
		{8745DB96-1672-43FB-9E9C-2D2F0F2DA557}.Release|x64.ActiveCfg = Release|Any CPU
		{8745DB96-1672-43FB-9E9C-2D2F0F2DA557}.Release|x64.Build.0 = Release|Any CPU
		{8745DB96-1672-43FB-9E9C-2D2F0F2DA557}.Release|x86.ActiveCfg = Release|Any CPU
		{8745DB96-1672-43FB-9E9C-2D2F0F2DA557}.Release|x86.Build.0 = Release|Any CPU
		{67A9ECE2-CB0B-40F3-BBF7-AF04B15A4E5F}.Debug|Any CPU.ActiveCfg = Debug|Any CPU
		{67A9ECE2-CB0B-40F3-BBF7-AF04B15A4E5F}.Debug|Any CPU.Build.0 = Debug|Any CPU
		{67A9ECE2-CB0B-40F3-BBF7-AF04B15A4E5F}.Debug|x64.ActiveCfg = Debug|Any CPU
		{67A9ECE2-CB0B-40F3-BBF7-AF04B15A4E5F}.Debug|x64.Build.0 = Debug|Any CPU
		{67A9ECE2-CB0B-40F3-BBF7-AF04B15A4E5F}.Debug|x86.ActiveCfg = Debug|Any CPU
		{67A9ECE2-CB0B-40F3-BBF7-AF04B15A4E5F}.Debug|x86.Build.0 = Debug|Any CPU
		{67A9ECE2-CB0B-40F3-BBF7-AF04B15A4E5F}.Release|Any CPU.ActiveCfg = Release|Any CPU
		{67A9ECE2-CB0B-40F3-BBF7-AF04B15A4E5F}.Release|Any CPU.Build.0 = Release|Any CPU
		{67A9ECE2-CB0B-40F3-BBF7-AF04B15A4E5F}.Release|x64.ActiveCfg = Release|Any CPU
		{67A9ECE2-CB0B-40F3-BBF7-AF04B15A4E5F}.Release|x64.Build.0 = Release|Any CPU
		{67A9ECE2-CB0B-40F3-BBF7-AF04B15A4E5F}.Release|x86.ActiveCfg = Release|Any CPU
		{67A9ECE2-CB0B-40F3-BBF7-AF04B15A4E5F}.Release|x86.Build.0 = Release|Any CPU
		{50A25166-18F6-44D9-84FF-D4EACFF2B5EE}.Debug|Any CPU.ActiveCfg = Debug|Any CPU
		{50A25166-18F6-44D9-84FF-D4EACFF2B5EE}.Debug|x64.ActiveCfg = Debug|Any CPU
		{50A25166-18F6-44D9-84FF-D4EACFF2B5EE}.Debug|x86.ActiveCfg = Debug|Any CPU
		{50A25166-18F6-44D9-84FF-D4EACFF2B5EE}.Release|Any CPU.ActiveCfg = Release|Any CPU
		{50A25166-18F6-44D9-84FF-D4EACFF2B5EE}.Release|x64.ActiveCfg = Release|Any CPU
		{50A25166-18F6-44D9-84FF-D4EACFF2B5EE}.Release|x86.ActiveCfg = Release|Any CPU
		{054EBD25-90A8-4F6C-8276-D5627FFCEE16}.Debug|Any CPU.ActiveCfg = Debug|Any CPU
		{054EBD25-90A8-4F6C-8276-D5627FFCEE16}.Debug|Any CPU.Build.0 = Debug|Any CPU
		{054EBD25-90A8-4F6C-8276-D5627FFCEE16}.Debug|x64.ActiveCfg = Debug|Any CPU
		{054EBD25-90A8-4F6C-8276-D5627FFCEE16}.Debug|x64.Build.0 = Debug|Any CPU
		{054EBD25-90A8-4F6C-8276-D5627FFCEE16}.Debug|x86.ActiveCfg = Debug|Any CPU
		{054EBD25-90A8-4F6C-8276-D5627FFCEE16}.Debug|x86.Build.0 = Debug|Any CPU
		{054EBD25-90A8-4F6C-8276-D5627FFCEE16}.Release|Any CPU.ActiveCfg = Release|Any CPU
		{054EBD25-90A8-4F6C-8276-D5627FFCEE16}.Release|Any CPU.Build.0 = Release|Any CPU
		{054EBD25-90A8-4F6C-8276-D5627FFCEE16}.Release|x64.ActiveCfg = Release|Any CPU
		{054EBD25-90A8-4F6C-8276-D5627FFCEE16}.Release|x64.Build.0 = Release|Any CPU
		{054EBD25-90A8-4F6C-8276-D5627FFCEE16}.Release|x86.ActiveCfg = Release|Any CPU
		{054EBD25-90A8-4F6C-8276-D5627FFCEE16}.Release|x86.Build.0 = Release|Any CPU
		{52CD414E-280C-4DD9-A7A9-E97AD4313ADE}.Debug|Any CPU.ActiveCfg = Debug|Any CPU
		{52CD414E-280C-4DD9-A7A9-E97AD4313ADE}.Debug|Any CPU.Build.0 = Debug|Any CPU
		{52CD414E-280C-4DD9-A7A9-E97AD4313ADE}.Debug|x64.ActiveCfg = Debug|Any CPU
		{52CD414E-280C-4DD9-A7A9-E97AD4313ADE}.Debug|x64.Build.0 = Debug|Any CPU
		{52CD414E-280C-4DD9-A7A9-E97AD4313ADE}.Debug|x86.ActiveCfg = Debug|Any CPU
		{52CD414E-280C-4DD9-A7A9-E97AD4313ADE}.Debug|x86.Build.0 = Debug|Any CPU
		{52CD414E-280C-4DD9-A7A9-E97AD4313ADE}.Release|Any CPU.ActiveCfg = Release|Any CPU
		{52CD414E-280C-4DD9-A7A9-E97AD4313ADE}.Release|Any CPU.Build.0 = Release|Any CPU
		{52CD414E-280C-4DD9-A7A9-E97AD4313ADE}.Release|x64.ActiveCfg = Release|Any CPU
		{52CD414E-280C-4DD9-A7A9-E97AD4313ADE}.Release|x64.Build.0 = Release|Any CPU
		{52CD414E-280C-4DD9-A7A9-E97AD4313ADE}.Release|x86.ActiveCfg = Release|Any CPU
		{52CD414E-280C-4DD9-A7A9-E97AD4313ADE}.Release|x86.Build.0 = Release|Any CPU
		{EFD98FE4-5167-85E0-6F4C-212C593F7EDB}.Debug|Any CPU.ActiveCfg = Debug|x64
		{EFD98FE4-5167-85E0-6F4C-212C593F7EDB}.Debug|Any CPU.Build.0 = Debug|x64
		{EFD98FE4-5167-85E0-6F4C-212C593F7EDB}.Debug|x64.ActiveCfg = Debug|x64
		{EFD98FE4-5167-85E0-6F4C-212C593F7EDB}.Debug|x64.Build.0 = Debug|x64
		{EFD98FE4-5167-85E0-6F4C-212C593F7EDB}.Debug|x86.ActiveCfg = Debug|Win32
		{EFD98FE4-5167-85E0-6F4C-212C593F7EDB}.Debug|x86.Build.0 = Debug|Win32
		{EFD98FE4-5167-85E0-6F4C-212C593F7EDB}.Release|Any CPU.ActiveCfg = Release|x64
		{EFD98FE4-5167-85E0-6F4C-212C593F7EDB}.Release|Any CPU.Build.0 = Release|x64
		{EFD98FE4-5167-85E0-6F4C-212C593F7EDB}.Release|x64.ActiveCfg = Release|x64
		{EFD98FE4-5167-85E0-6F4C-212C593F7EDB}.Release|x64.Build.0 = Release|x64
		{EFD98FE4-5167-85E0-6F4C-212C593F7EDB}.Release|x86.ActiveCfg = Release|Win32
		{EFD98FE4-5167-85E0-6F4C-212C593F7EDB}.Release|x86.Build.0 = Release|Win32
	EndGlobalSection
	GlobalSection(SolutionProperties) = preSolution
		HideSolutionNode = FALSE
	EndGlobalSection
	GlobalSection(NestedProjects) = preSolution
		{00BD78D6-A816-4BED-974D-65185709D68F} = {02EA681E-C7D8-13C7-8484-4AC65E1B71E8}
		{3A123555-6AD6-4B95-A9C2-DF49137E5E2A} = {02EA681E-C7D8-13C7-8484-4AC65E1B71E8}
		{55A5C30B-2F25-47D2-AC98-D4E6ECBD6146} = {02EA681E-C7D8-13C7-8484-4AC65E1B71E8}
		{1AD1B7C4-114C-C525-21B5-CBC01BDF4180} = {02EA681E-C7D8-13C7-8484-4AC65E1B71E8}
		{9E661127-D609-40ED-BAE7-86D03E1D4416} = {02EA681E-C7D8-13C7-8484-4AC65E1B71E8}
		{CF8CADB7-147E-452B-B769-7867F48B7F89} = {02EA681E-C7D8-13C7-8484-4AC65E1B71E8}
		{58972579-0389-49B4-BE0B-5FA1B1301E4E} = {02EA681E-C7D8-13C7-8484-4AC65E1B71E8}
		{C65360A9-CEFB-4F18-893B-1797E015F7CD} = {02EA681E-C7D8-13C7-8484-4AC65E1B71E8}
		{F9406CB5-7423-41D9-B7D9-7C0B3EF869F6} = {02EA681E-C7D8-13C7-8484-4AC65E1B71E8}
		{8638720C-A5F4-B91A-67E9-A00C61CB4F20} = {02EA681E-C7D8-13C7-8484-4AC65E1B71E8}
		{8745DB96-1672-43FB-9E9C-2D2F0F2DA557} = {02EA681E-C7D8-13C7-8484-4AC65E1B71E8}
		{67A9ECE2-CB0B-40F3-BBF7-AF04B15A4E5F} = {02EA681E-C7D8-13C7-8484-4AC65E1B71E8}
		{50A25166-18F6-44D9-84FF-D4EACFF2B5EE} = {02EA681E-C7D8-13C7-8484-4AC65E1B71E8}
		{054EBD25-90A8-4F6C-8276-D5627FFCEE16} = {02EA681E-C7D8-13C7-8484-4AC65E1B71E8}
		{52CD414E-280C-4DD9-A7A9-E97AD4313ADE} = {02EA681E-C7D8-13C7-8484-4AC65E1B71E8}
		{EFD98FE4-5167-85E0-6F4C-212C593F7EDB} = {02EA681E-C7D8-13C7-8484-4AC65E1B71E8}
	EndGlobalSection
	GlobalSection(ExtensibilityGlobals) = postSolution
		SolutionGuid = {6EDCAA2B-84A3-4C4D-A006-10D5A97ECCB5}
	EndGlobalSection
EndGlobal
